PODS:
  - LibTorch (0.0.2):
    - LibTorch/Core (= 0.0.2)
  - LibTorch/Core (0.0.2):
    - LibTorch/Torch
  - LibTorch/Torch (0.0.2)

DEPENDENCIES:
  - LibTorch

SPEC REPOS:
  trunk:
    - LibTorch

SPEC CHECKSUMS:
  LibTorch: f4b576069920da1c6d9963ccb3c737529c6cc991

PODFILE CHECKSUM: 24330de59527914a59b78dd1fb15e98f0cf6f9dd

COCOAPODS: 1.8.4
