PODS:
  - LibTorch (0.0.2):
    - LibTorch/Core (= 0.0.2)
  - LibTorch/Core (0.0.2):
    - LibTorch/Torch
  - LibTorch/Torch (0.0.2)

DEPENDENCIES:
  - LibTorch

SPEC REPOS:
  trunk:
    - LibTorch

SPEC CHECKSUMS:
  LibTorch: f4b576069920da1c6d9963ccb3c737529c6cc991

PODFILE CHECKSUM: 6a0f92ffaa55b3d597aa4a8985508d0b9e5e8f72

COCOAPODS: 1.8.4
