// !$*UTF8*$!
{
	archiveVersion = 1;
	classes = {
	};
	objectVersion = 51;
	objects = {

/* Begin PBXBuildFile section */
		0733A6B62365D99800E26B38 /* AppDelegate.swift in Sources */ = {isa = PBXBuildFile; fileRef = 0733A6B52365D99800E26B38 /* AppDelegate.swift */; };
		0733A6BA2365D99800E26B38 /* MainViewControlller.swift in Sources */ = {isa = PBXBuildFile; fileRef = 0733A6B92365D99800E26B38 /* MainViewControlller.swift */; };
		0733A6BD2365D99800E26B38 /* Main.storyboard in Resources */ = {isa = PBXBuildFile; fileRef = 0733A6BB2365D99800E26B38 /* Main.storyboard */; };
		0733A6BF2365D99900E26B38 /* Assets.xcassets in Resources */ = {isa = PBXBuildFile; fileRef = 0733A6BE2365D99900E26B38 /* Assets.xcassets */; };
		0733A6C22365D99900E26B38 /* LaunchScreen.storyboard in Resources */ = {isa = PBXBuildFile; fileRef = 0733A6C02365D99900E26B38 /* LaunchScreen.storyboard */; };
		0733A6CD2365D99900E26B38 /* DeepFashionTests.swift in Sources */ = {isa = PBXBuildFile; fileRef = 0733A6CC2365D99900E26B38 /* DeepFashionTests.swift */; };
		0733A6D82365D99900E26B38 /* DeepFashionUITests.swift in Sources */ = {isa = PBXBuildFile; fileRef = 0733A6D72365D99900E26B38 /* DeepFashionUITests.swift */; };
		0733A6E82365E32500E26B38 /* FirstSignUpViewController.swift in Sources */ = {isa = PBXBuildFile; fileRef = 0733A6E72365E32500E26B38 /* FirstSignUpViewController.swift */; };
		0733A6EA23660F0500E26B38 /* SceneDelegate.swift in Sources */ = {isa = PBXBuildFile; fileRef = 0733A6E923660F0500E26B38 /* SceneDelegate.swift */; };
		078E583D23684281000A960B /* SecondSignUpViewController.swift in Sources */ = {isa = PBXBuildFile; fileRef = 078E583C23684281000A960B /* SecondSignUpViewController.swift */; };
		07AA4785237046780074DE76 /* String+.swift in Sources */ = {isa = PBXBuildFile; fileRef = 07AA4784237046780074DE76 /* String+.swift */; };
		07D5E9AD236EBF0900A27B28 /* UserData.swift in Sources */ = {isa = PBXBuildFile; fileRef = 07D5E9AC236EBF0900A27B28 /* UserData.swift */; };
		07D5E9AF236EE6A800A27B28 /* TextField+.swift in Sources */ = {isa = PBXBuildFile; fileRef = 07D5E9AE236EE6A800A27B28 /* TextField+.swift */; };
		07D5E9B3236EF97A00A27B28 /* UIIdentifier.swift in Sources */ = {isa = PBXBuildFile; fileRef = 07D5E9B2236EF97A00A27B28 /* UIIdentifier.swift */; };
		07D5E9B5236EF98D00A27B28 /* SegueIdentifier.swift in Sources */ = {isa = PBXBuildFile; fileRef = 07D5E9B4236EF98D00A27B28 /* SegueIdentifier.swift */; };
		07D5E9B7236EF99C00A27B28 /* MyCharacterSet.swift in Sources */ = {isa = PBXBuildFile; fileRef = 07D5E9B6236EF99C00A27B28 /* MyCharacterSet.swift */; };
		07D5E9B9236EF9A900A27B28 /* UserDataRule.swift in Sources */ = {isa = PBXBuildFile; fileRef = 07D5E9B8236EF9A800A27B28 /* UserDataRule.swift */; };
		07D5E9BB236EF9C000A27B28 /* FashionStyle.swift in Sources */ = {isa = PBXBuildFile; fileRef = 07D5E9BA236EF9C000A27B28 /* FashionStyle.swift */; };
		07D5E9BD236EFADE00A27B28 /* UIButton+.swift in Sources */ = {isa = PBXBuildFile; fileRef = 07D5E9BC236EFADE00A27B28 /* UIButton+.swift */; };
		9C6530313BA91902888C5D6F /* Pods_DeepFashion.framework in Frameworks */ = {isa = PBXBuildFile; fileRef = 5F5CB424E36348009ECEDDD7 /* Pods_DeepFashion.framework */; };
		B3B65F60FA47B028109B97C2 /* Pods_DeepFashionUITests.framework in Frameworks */ = {isa = PBXBuildFile; fileRef = 86E4017DEBBEEAF6AA853027 /* Pods_DeepFashionUITests.framework */; };
		C5DDA6E6A178DDFAD4786704 /* Pods_DeepFashionTests.framework in Frameworks */ = {isa = PBXBuildFile; fileRef = 313AC84D5098FCF94AB95C71 /* Pods_DeepFashionTests.framework */; };
/* End PBXBuildFile section */

/* Begin PBXContainerItemProxy section */
		0733A6C92365D99900E26B38 /* PBXContainerItemProxy */ = {
			isa = PBXContainerItemProxy;
			containerPortal = 0733A6AA2365D99800E26B38 /* Project object */;
			proxyType = 1;
			remoteGlobalIDString = 0733A6B12365D99800E26B38;
			remoteInfo = DeepFashion;
		};
		0733A6D42365D99900E26B38 /* PBXContainerItemProxy */ = {
			isa = PBXContainerItemProxy;
			containerPortal = 0733A6AA2365D99800E26B38 /* Project object */;
			proxyType = 1;
			remoteGlobalIDString = 0733A6B12365D99800E26B38;
			remoteInfo = DeepFashion;
		};
/* End PBXContainerItemProxy section */

/* Begin PBXFileReference section */
		0733A6B22365D99800E26B38 /* DeepFashion.app */ = {isa = PBXFileReference; explicitFileType = wrapper.application; includeInIndex = 0; path = DeepFashion.app; sourceTree = BUILT_PRODUCTS_DIR; };
		0733A6B52365D99800E26B38 /* AppDelegate.swift */ = {isa = PBXFileReference; lastKnownFileType = sourcecode.swift; path = AppDelegate.swift; sourceTree = "<group>"; };
		0733A6B92365D99800E26B38 /* MainViewControlller.swift */ = {isa = PBXFileReference; lastKnownFileType = sourcecode.swift; path = MainViewControlller.swift; sourceTree = "<group>"; };
		0733A6BC2365D99800E26B38 /* Base */ = {isa = PBXFileReference; lastKnownFileType = file.storyboard; name = Base; path = Base.lproj/Main.storyboard; sourceTree = "<group>"; };
		0733A6BE2365D99900E26B38 /* Assets.xcassets */ = {isa = PBXFileReference; lastKnownFileType = folder.assetcatalog; path = Assets.xcassets; sourceTree = "<group>"; };
		0733A6C12365D99900E26B38 /* Base */ = {isa = PBXFileReference; lastKnownFileType = file.storyboard; name = Base; path = Base.lproj/LaunchScreen.storyboard; sourceTree = "<group>"; };
		0733A6C32365D99900E26B38 /* Info.plist */ = {isa = PBXFileReference; lastKnownFileType = text.plist.xml; path = Info.plist; sourceTree = "<group>"; };
		0733A6C82365D99900E26B38 /* DeepFashionTests.xctest */ = {isa = PBXFileReference; explicitFileType = wrapper.cfbundle; includeInIndex = 0; path = DeepFashionTests.xctest; sourceTree = BUILT_PRODUCTS_DIR; };
		0733A6CC2365D99900E26B38 /* DeepFashionTests.swift */ = {isa = PBXFileReference; lastKnownFileType = sourcecode.swift; path = DeepFashionTests.swift; sourceTree = "<group>"; };
		0733A6CE2365D99900E26B38 /* Info.plist */ = {isa = PBXFileReference; lastKnownFileType = text.plist.xml; path = Info.plist; sourceTree = "<group>"; };
		0733A6D32365D99900E26B38 /* DeepFashionUITests.xctest */ = {isa = PBXFileReference; explicitFileType = wrapper.cfbundle; includeInIndex = 0; path = DeepFashionUITests.xctest; sourceTree = BUILT_PRODUCTS_DIR; };
		0733A6D72365D99900E26B38 /* DeepFashionUITests.swift */ = {isa = PBXFileReference; lastKnownFileType = sourcecode.swift; path = DeepFashionUITests.swift; sourceTree = "<group>"; };
		0733A6D92365D99900E26B38 /* Info.plist */ = {isa = PBXFileReference; lastKnownFileType = text.plist.xml; path = Info.plist; sourceTree = "<group>"; };
		0733A6E72365E32500E26B38 /* FirstSignUpViewController.swift */ = {isa = PBXFileReference; lastKnownFileType = sourcecode.swift; path = FirstSignUpViewController.swift; sourceTree = "<group>"; };
		0733A6E923660F0500E26B38 /* SceneDelegate.swift */ = {isa = PBXFileReference; fileEncoding = 4; lastKnownFileType = sourcecode.swift; path = SceneDelegate.swift; sourceTree = "<group>"; };
		078E583C23684281000A960B /* SecondSignUpViewController.swift */ = {isa = PBXFileReference; lastKnownFileType = sourcecode.swift; path = SecondSignUpViewController.swift; sourceTree = "<group>"; };
		07AA4784237046780074DE76 /* String+.swift */ = {isa = PBXFileReference; lastKnownFileType = sourcecode.swift; path = "String+.swift"; sourceTree = "<group>"; };
		07D5E9AC236EBF0900A27B28 /* UserData.swift */ = {isa = PBXFileReference; lastKnownFileType = sourcecode.swift; path = UserData.swift; sourceTree = "<group>"; };
		07D5E9AE236EE6A800A27B28 /* TextField+.swift */ = {isa = PBXFileReference; lastKnownFileType = sourcecode.swift; path = "TextField+.swift"; sourceTree = "<group>"; };
		07D5E9B2236EF97A00A27B28 /* UIIdentifier.swift */ = {isa = PBXFileReference; lastKnownFileType = sourcecode.swift; path = UIIdentifier.swift; sourceTree = "<group>"; };
		07D5E9B4236EF98D00A27B28 /* SegueIdentifier.swift */ = {isa = PBXFileReference; lastKnownFileType = sourcecode.swift; path = SegueIdentifier.swift; sourceTree = "<group>"; };
		07D5E9B6236EF99C00A27B28 /* MyCharacterSet.swift */ = {isa = PBXFileReference; lastKnownFileType = sourcecode.swift; path = MyCharacterSet.swift; sourceTree = "<group>"; };
		07D5E9B8236EF9A800A27B28 /* UserDataRule.swift */ = {isa = PBXFileReference; lastKnownFileType = sourcecode.swift; path = UserDataRule.swift; sourceTree = "<group>"; };
		07D5E9BA236EF9C000A27B28 /* FashionStyle.swift */ = {isa = PBXFileReference; lastKnownFileType = sourcecode.swift; path = FashionStyle.swift; sourceTree = "<group>"; };
		07D5E9BC236EFADE00A27B28 /* UIButton+.swift */ = {isa = PBXFileReference; lastKnownFileType = sourcecode.swift; path = "UIButton+.swift"; sourceTree = "<group>"; };
		313AC84D5098FCF94AB95C71 /* Pods_DeepFashionTests.framework */ = {isa = PBXFileReference; explicitFileType = wrapper.framework; includeInIndex = 0; path = Pods_DeepFashionTests.framework; sourceTree = BUILT_PRODUCTS_DIR; };
		33E8E8838A93ADACE533B286 /* Pods-DeepFashionTests.debug.xcconfig */ = {isa = PBXFileReference; includeInIndex = 1; lastKnownFileType = text.xcconfig; name = "Pods-DeepFashionTests.debug.xcconfig"; path = "Target Support Files/Pods-DeepFashionTests/Pods-DeepFashionTests.debug.xcconfig"; sourceTree = "<group>"; };
		50B2A7F7849E4B243304EEDE /* Pods-DeepFashion.debug.xcconfig */ = {isa = PBXFileReference; includeInIndex = 1; lastKnownFileType = text.xcconfig; name = "Pods-DeepFashion.debug.xcconfig"; path = "Target Support Files/Pods-DeepFashion/Pods-DeepFashion.debug.xcconfig"; sourceTree = "<group>"; };
		5F5CB424E36348009ECEDDD7 /* Pods_DeepFashion.framework */ = {isa = PBXFileReference; explicitFileType = wrapper.framework; includeInIndex = 0; path = Pods_DeepFashion.framework; sourceTree = BUILT_PRODUCTS_DIR; };
		71CEF5C5B5D05629A45DAA65 /* Pods-DeepFashionUITests.debug.xcconfig */ = {isa = PBXFileReference; includeInIndex = 1; lastKnownFileType = text.xcconfig; name = "Pods-DeepFashionUITests.debug.xcconfig"; path = "Target Support Files/Pods-DeepFashionUITests/Pods-DeepFashionUITests.debug.xcconfig"; sourceTree = "<group>"; };
		86E4017DEBBEEAF6AA853027 /* Pods_DeepFashionUITests.framework */ = {isa = PBXFileReference; explicitFileType = wrapper.framework; includeInIndex = 0; path = Pods_DeepFashionUITests.framework; sourceTree = BUILT_PRODUCTS_DIR; };
		AF31D609CC7E4000B9CBABF7 /* Pods-DeepFashionTests.release.xcconfig */ = {isa = PBXFileReference; includeInIndex = 1; lastKnownFileType = text.xcconfig; name = "Pods-DeepFashionTests.release.xcconfig"; path = "Target Support Files/Pods-DeepFashionTests/Pods-DeepFashionTests.release.xcconfig"; sourceTree = "<group>"; };
		BBD6DCEA3C69B50889958B71 /* Pods-DeepFashionUITests.release.xcconfig */ = {isa = PBXFileReference; includeInIndex = 1; lastKnownFileType = text.xcconfig; name = "Pods-DeepFashionUITests.release.xcconfig"; path = "Target Support Files/Pods-DeepFashionUITests/Pods-DeepFashionUITests.release.xcconfig"; sourceTree = "<group>"; };
		F639E6864ACC87DAD50801DB /* Pods-DeepFashion.release.xcconfig */ = {isa = PBXFileReference; includeInIndex = 1; lastKnownFileType = text.xcconfig; name = "Pods-DeepFashion.release.xcconfig"; path = "Target Support Files/Pods-DeepFashion/Pods-DeepFashion.release.xcconfig"; sourceTree = "<group>"; };
/* End PBXFileReference section */

/* Begin PBXFrameworksBuildPhase section */
		0733A6AF2365D99800E26B38 /* Frameworks */ = {
			isa = PBXFrameworksBuildPhase;
			buildActionMask = 2147483647;
			files = (
				9C6530313BA91902888C5D6F /* Pods_DeepFashion.framework in Frameworks */,
			);
			runOnlyForDeploymentPostprocessing = 0;
		};
		0733A6C52365D99900E26B38 /* Frameworks */ = {
			isa = PBXFrameworksBuildPhase;
			buildActionMask = 2147483647;
			files = (
				C5DDA6E6A178DDFAD4786704 /* Pods_DeepFashionTests.framework in Frameworks */,
			);
			runOnlyForDeploymentPostprocessing = 0;
		};
		0733A6D02365D99900E26B38 /* Frameworks */ = {
			isa = PBXFrameworksBuildPhase;
			buildActionMask = 2147483647;
			files = (
				B3B65F60FA47B028109B97C2 /* Pods_DeepFashionUITests.framework in Frameworks */,
			);
			runOnlyForDeploymentPostprocessing = 0;
		};
/* End PBXFrameworksBuildPhase section */

/* Begin PBXGroup section */
		0733A6A92365D99800E26B38 = {
			isa = PBXGroup;
			children = (
				0733A6B42365D99800E26B38 /* DeepFashion */,
				0733A6CB2365D99900E26B38 /* DeepFashionTests */,
				0733A6D62365D99900E26B38 /* DeepFashionUITests */,
				0733A6B32365D99800E26B38 /* Products */,
				BAA7402B95D77A6C320C6055 /* Pods */,
				7AD8DCFED537B87C46F7016F /* Frameworks */,
			);
			sourceTree = "<group>";
		};
		0733A6B32365D99800E26B38 /* Products */ = {
			isa = PBXGroup;
			children = (
				0733A6B22365D99800E26B38 /* DeepFashion.app */,
				0733A6C82365D99900E26B38 /* DeepFashionTests.xctest */,
				0733A6D32365D99900E26B38 /* DeepFashionUITests.xctest */,
			);
			name = Products;
			sourceTree = "<group>";
		};
		0733A6B42365D99800E26B38 /* DeepFashion */ = {
			isa = PBXGroup;
			children = (
				0733A6B52365D99800E26B38 /* AppDelegate.swift */,
				0733A6E923660F0500E26B38 /* SceneDelegate.swift */,
				07D5E9A5236E00F100A27B28 /* Model */,
				0758941323699B3B00B59A28 /* ViewController */,
				0733A6C32365D99900E26B38 /* Info.plist */,
				07D5E9A4236E00E200A27B28 /* SupportingFiles */,
			);
			path = DeepFashion;
			sourceTree = "<group>";
		};
		0733A6CB2365D99900E26B38 /* DeepFashionTests */ = {
			isa = PBXGroup;
			children = (
				0733A6CC2365D99900E26B38 /* DeepFashionTests.swift */,
				0733A6CE2365D99900E26B38 /* Info.plist */,
			);
			path = DeepFashionTests;
			sourceTree = "<group>";
		};
		0733A6D62365D99900E26B38 /* DeepFashionUITests */ = {
			isa = PBXGroup;
			children = (
				0733A6D72365D99900E26B38 /* DeepFashionUITests.swift */,
				0733A6D92365D99900E26B38 /* Info.plist */,
			);
			path = DeepFashionUITests;
			sourceTree = "<group>";
		};
		0758941323699B3B00B59A28 /* ViewController */ = {
			isa = PBXGroup;
			children = (
				07D5E9A3236E00C900A27B28 /* LogIn */,
				07D5E9A2236E00BE00A27B28 /* SignUp */,
			);
			path = ViewController;
			sourceTree = "<group>";
		};
		07D5E9A2236E00BE00A27B28 /* SignUp */ = {
			isa = PBXGroup;
			children = (
				0733A6E72365E32500E26B38 /* FirstSignUpViewController.swift */,
				078E583C23684281000A960B /* SecondSignUpViewController.swift */,
			);
			path = SignUp;
			sourceTree = "<group>";
		};
		07D5E9A3236E00C900A27B28 /* LogIn */ = {
			isa = PBXGroup;
			children = (
				0733A6B92365D99800E26B38 /* MainViewControlller.swift */,
			);
			path = LogIn;
			sourceTree = "<group>";
		};
		07D5E9A4236E00E200A27B28 /* SupportingFiles */ = {
			isa = PBXGroup;
			children = (
				0733A6BB2365D99800E26B38 /* Main.storyboard */,
				0733A6BE2365D99900E26B38 /* Assets.xcassets */,
				0733A6C02365D99900E26B38 /* LaunchScreen.storyboard */,
			);
			path = SupportingFiles;
			sourceTree = "<group>";
		};
		07D5E9A5236E00F100A27B28 /* Model */ = {
			isa = PBXGroup;
			children = (
				07D5E9AC236EBF0900A27B28 /* UserData.swift */,
				07D5E9B1236EF96B00A27B28 /* Constants */,
				07D5E9B0236EEE7500A27B28 /* Extension */,
			);
			path = Model;
			sourceTree = "<group>";
		};
		07D5E9B0236EEE7500A27B28 /* Extension */ = {
			isa = PBXGroup;
			children = (
				07D5E9AE236EE6A800A27B28 /* TextField+.swift */,
				07D5E9BC236EFADE00A27B28 /* UIButton+.swift */,
				07AA4784237046780074DE76 /* String+.swift */,
			);
			path = Extension;
			sourceTree = "<group>";
		};
		07D5E9B1236EF96B00A27B28 /* Constants */ = {
			isa = PBXGroup;
			children = (
				07D5E9B2236EF97A00A27B28 /* UIIdentifier.swift */,
				07D5E9B6236EF99C00A27B28 /* MyCharacterSet.swift */,
				07D5E9B4236EF98D00A27B28 /* SegueIdentifier.swift */,
				07D5E9B8236EF9A800A27B28 /* UserDataRule.swift */,
				07D5E9BA236EF9C000A27B28 /* FashionStyle.swift */,
			);
			path = Constants;
			sourceTree = "<group>";
		};
		7AD8DCFED537B87C46F7016F /* Frameworks */ = {
			isa = PBXGroup;
			children = (
				5F5CB424E36348009ECEDDD7 /* Pods_DeepFashion.framework */,
				313AC84D5098FCF94AB95C71 /* Pods_DeepFashionTests.framework */,
				86E4017DEBBEEAF6AA853027 /* Pods_DeepFashionUITests.framework */,
			);
			name = Frameworks;
			sourceTree = "<group>";
		};
		BAA7402B95D77A6C320C6055 /* Pods */ = {
			isa = PBXGroup;
			children = (
				50B2A7F7849E4B243304EEDE /* Pods-DeepFashion.debug.xcconfig */,
				F639E6864ACC87DAD50801DB /* Pods-DeepFashion.release.xcconfig */,
				33E8E8838A93ADACE533B286 /* Pods-DeepFashionTests.debug.xcconfig */,
				AF31D609CC7E4000B9CBABF7 /* Pods-DeepFashionTests.release.xcconfig */,
				71CEF5C5B5D05629A45DAA65 /* Pods-DeepFashionUITests.debug.xcconfig */,
				BBD6DCEA3C69B50889958B71 /* Pods-DeepFashionUITests.release.xcconfig */,
			);
			path = Pods;
			sourceTree = "<group>";
		};
/* End PBXGroup section */

/* Begin PBXNativeTarget section */
		0733A6B12365D99800E26B38 /* DeepFashion */ = {
			isa = PBXNativeTarget;
			buildConfigurationList = 0733A6DC2365D99900E26B38 /* Build configuration list for PBXNativeTarget "DeepFashion" */;
			buildPhases = (
				84B980B83E4F73FB3C613898 /* [CP] Check Pods Manifest.lock */,
				0733A6AE2365D99800E26B38 /* Sources */,
				0733A6AF2365D99800E26B38 /* Frameworks */,
				0733A6B02365D99800E26B38 /* Resources */,
				57C4E4FE158FB43B1F6C623C /* [CP] Embed Pods Frameworks */,
			);
			buildRules = (
			);
			dependencies = (
			);
			name = DeepFashion;
			productName = DeepFashion;
			productReference = 0733A6B22365D99800E26B38 /* DeepFashion.app */;
			productType = "com.apple.product-type.application";
		};
		0733A6C72365D99900E26B38 /* DeepFashionTests */ = {
			isa = PBXNativeTarget;
			buildConfigurationList = 0733A6DF2365D99900E26B38 /* Build configuration list for PBXNativeTarget "DeepFashionTests" */;
			buildPhases = (
				BC6AB4A4F54CED0D203B52DD /* [CP] Check Pods Manifest.lock */,
				0733A6C42365D99900E26B38 /* Sources */,
				0733A6C52365D99900E26B38 /* Frameworks */,
				0733A6C62365D99900E26B38 /* Resources */,
			);
			buildRules = (
			);
			dependencies = (
				0733A6CA2365D99900E26B38 /* PBXTargetDependency */,
			);
			name = DeepFashionTests;
			productName = DeepFashionTests;
			productReference = 0733A6C82365D99900E26B38 /* DeepFashionTests.xctest */;
			productType = "com.apple.product-type.bundle.unit-test";
		};
		0733A6D22365D99900E26B38 /* DeepFashionUITests */ = {
			isa = PBXNativeTarget;
			buildConfigurationList = 0733A6E22365D99900E26B38 /* Build configuration list for PBXNativeTarget "DeepFashionUITests" */;
			buildPhases = (
				5B9FC89CEE5BD918E5CB11FC /* [CP] Check Pods Manifest.lock */,
				0733A6CF2365D99900E26B38 /* Sources */,
				0733A6D02365D99900E26B38 /* Frameworks */,
				0733A6D12365D99900E26B38 /* Resources */,
			);
			buildRules = (
			);
			dependencies = (
				0733A6D52365D99900E26B38 /* PBXTargetDependency */,
			);
			name = DeepFashionUITests;
			productName = DeepFashionUITests;
			productReference = 0733A6D32365D99900E26B38 /* DeepFashionUITests.xctest */;
			productType = "com.apple.product-type.bundle.ui-testing";
		};
/* End PBXNativeTarget section */

/* Begin PBXProject section */
		0733A6AA2365D99800E26B38 /* Project object */ = {
			isa = PBXProject;
			attributes = {
				LastSwiftUpdateCheck = 1110;
				LastUpgradeCheck = 1110;
				ORGANIZATIONNAME = MinKyeongTae;
				TargetAttributes = {
					0733A6B12365D99800E26B38 = {
						CreatedOnToolsVersion = 11.1;
					};
					0733A6C72365D99900E26B38 = {
						CreatedOnToolsVersion = 11.1;
						TestTargetID = 0733A6B12365D99800E26B38;
					};
					0733A6D22365D99900E26B38 = {
						CreatedOnToolsVersion = 11.1;
						TestTargetID = 0733A6B12365D99800E26B38;
					};
				};
			};
			buildConfigurationList = 0733A6AD2365D99800E26B38 /* Build configuration list for PBXProject "DeepFashion" */;
			compatibilityVersion = "Xcode 9.3";
			developmentRegion = en;
			hasScannedForEncodings = 0;
			knownRegions = (
				en,
				Base,
			);
			mainGroup = 0733A6A92365D99800E26B38;
			productRefGroup = 0733A6B32365D99800E26B38 /* Products */;
			projectDirPath = "";
			projectRoot = "";
			targets = (
				0733A6B12365D99800E26B38 /* DeepFashion */,
				0733A6C72365D99900E26B38 /* DeepFashionTests */,
				0733A6D22365D99900E26B38 /* DeepFashionUITests */,
			);
		};
/* End PBXProject section */

/* Begin PBXResourcesBuildPhase section */
		0733A6B02365D99800E26B38 /* Resources */ = {
			isa = PBXResourcesBuildPhase;
			buildActionMask = 2147483647;
			files = (
				0733A6C22365D99900E26B38 /* LaunchScreen.storyboard in Resources */,
				0733A6BF2365D99900E26B38 /* Assets.xcassets in Resources */,
				0733A6BD2365D99800E26B38 /* Main.storyboard in Resources */,
			);
			runOnlyForDeploymentPostprocessing = 0;
		};
		0733A6C62365D99900E26B38 /* Resources */ = {
			isa = PBXResourcesBuildPhase;
			buildActionMask = 2147483647;
			files = (
			);
			runOnlyForDeploymentPostprocessing = 0;
		};
		0733A6D12365D99900E26B38 /* Resources */ = {
			isa = PBXResourcesBuildPhase;
			buildActionMask = 2147483647;
			files = (
			);
			runOnlyForDeploymentPostprocessing = 0;
		};
/* End PBXResourcesBuildPhase section */

/* Begin PBXShellScriptBuildPhase section */
		57C4E4FE158FB43B1F6C623C /* [CP] Embed Pods Frameworks */ = {
			isa = PBXShellScriptBuildPhase;
			buildActionMask = 2147483647;
			files = (
			);
			inputFileListPaths = (
				"${PODS_ROOT}/Target Support Files/Pods-DeepFashion/Pods-DeepFashion-frameworks-${CONFIGURATION}-input-files.xcfilelist",
			);
			name = "[CP] Embed Pods Frameworks";
			outputFileListPaths = (
				"${PODS_ROOT}/Target Support Files/Pods-DeepFashion/Pods-DeepFashion-frameworks-${CONFIGURATION}-output-files.xcfilelist",
			);
			runOnlyForDeploymentPostprocessing = 0;
			shellPath = /bin/sh;
			shellScript = "\"${PODS_ROOT}/Target Support Files/Pods-DeepFashion/Pods-DeepFashion-frameworks.sh\"\n";
			showEnvVarsInLog = 0;
		};
		5B9FC89CEE5BD918E5CB11FC /* [CP] Check Pods Manifest.lock */ = {
			isa = PBXShellScriptBuildPhase;
			buildActionMask = 2147483647;
			files = (
			);
			inputFileListPaths = (
			);
			inputPaths = (
				"${PODS_PODFILE_DIR_PATH}/Podfile.lock",
				"${PODS_ROOT}/Manifest.lock",
			);
			name = "[CP] Check Pods Manifest.lock";
			outputFileListPaths = (
			);
			outputPaths = (
				"$(DERIVED_FILE_DIR)/Pods-DeepFashionUITests-checkManifestLockResult.txt",
			);
			runOnlyForDeploymentPostprocessing = 0;
			shellPath = /bin/sh;
			shellScript = "diff \"${PODS_PODFILE_DIR_PATH}/Podfile.lock\" \"${PODS_ROOT}/Manifest.lock\" > /dev/null\nif [ $? != 0 ] ; then\n    # print error to STDERR\n    echo \"error: The sandbox is not in sync with the Podfile.lock. Run 'pod install' or update your CocoaPods installation.\" >&2\n    exit 1\nfi\n# This output is used by Xcode 'outputs' to avoid re-running this script phase.\necho \"SUCCESS\" > \"${SCRIPT_OUTPUT_FILE_0}\"\n";
			showEnvVarsInLog = 0;
		};
		84B980B83E4F73FB3C613898 /* [CP] Check Pods Manifest.lock */ = {
			isa = PBXShellScriptBuildPhase;
			buildActionMask = 2147483647;
			files = (
			);
			inputFileListPaths = (
			);
			inputPaths = (
				"${PODS_PODFILE_DIR_PATH}/Podfile.lock",
				"${PODS_ROOT}/Manifest.lock",
			);
			name = "[CP] Check Pods Manifest.lock";
			outputFileListPaths = (
			);
			outputPaths = (
				"$(DERIVED_FILE_DIR)/Pods-DeepFashion-checkManifestLockResult.txt",
			);
			runOnlyForDeploymentPostprocessing = 0;
			shellPath = /bin/sh;
			shellScript = "diff \"${PODS_PODFILE_DIR_PATH}/Podfile.lock\" \"${PODS_ROOT}/Manifest.lock\" > /dev/null\nif [ $? != 0 ] ; then\n    # print error to STDERR\n    echo \"error: The sandbox is not in sync with the Podfile.lock. Run 'pod install' or update your CocoaPods installation.\" >&2\n    exit 1\nfi\n# This output is used by Xcode 'outputs' to avoid re-running this script phase.\necho \"SUCCESS\" > \"${SCRIPT_OUTPUT_FILE_0}\"\n";
			showEnvVarsInLog = 0;
		};
		BC6AB4A4F54CED0D203B52DD /* [CP] Check Pods Manifest.lock */ = {
			isa = PBXShellScriptBuildPhase;
			buildActionMask = 2147483647;
			files = (
			);
			inputFileListPaths = (
			);
			inputPaths = (
				"${PODS_PODFILE_DIR_PATH}/Podfile.lock",
				"${PODS_ROOT}/Manifest.lock",
			);
			name = "[CP] Check Pods Manifest.lock";
			outputFileListPaths = (
			);
			outputPaths = (
				"$(DERIVED_FILE_DIR)/Pods-DeepFashionTests-checkManifestLockResult.txt",
			);
			runOnlyForDeploymentPostprocessing = 0;
			shellPath = /bin/sh;
			shellScript = "diff \"${PODS_PODFILE_DIR_PATH}/Podfile.lock\" \"${PODS_ROOT}/Manifest.lock\" > /dev/null\nif [ $? != 0 ] ; then\n    # print error to STDERR\n    echo \"error: The sandbox is not in sync with the Podfile.lock. Run 'pod install' or update your CocoaPods installation.\" >&2\n    exit 1\nfi\n# This output is used by Xcode 'outputs' to avoid re-running this script phase.\necho \"SUCCESS\" > \"${SCRIPT_OUTPUT_FILE_0}\"\n";
			showEnvVarsInLog = 0;
		};
/* End PBXShellScriptBuildPhase section */

/* Begin PBXSourcesBuildPhase section */
		0733A6AE2365D99800E26B38 /* Sources */ = {
			isa = PBXSourcesBuildPhase;
			buildActionMask = 2147483647;
			files = (
				078E583D23684281000A960B /* SecondSignUpViewController.swift in Sources */,
				07D5E9B3236EF97A00A27B28 /* UIIdentifier.swift in Sources */,
				07D5E9BB236EF9C000A27B28 /* FashionStyle.swift in Sources */,
				07D5E9B9236EF9A900A27B28 /* UserDataRule.swift in Sources */,
				07D5E9B5236EF98D00A27B28 /* SegueIdentifier.swift in Sources */,
				0733A6EA23660F0500E26B38 /* SceneDelegate.swift in Sources */,
				07D5E9AD236EBF0900A27B28 /* UserData.swift in Sources */,
				07D5E9BD236EFADE00A27B28 /* UIButton+.swift in Sources */,
				0733A6BA2365D99800E26B38 /* MainViewControlller.swift in Sources */,
				0733A6B62365D99800E26B38 /* AppDelegate.swift in Sources */,
				07D5E9B7236EF99C00A27B28 /* MyCharacterSet.swift in Sources */,
				0733A6E82365E32500E26B38 /* FirstSignUpViewController.swift in Sources */,
				07AA4785237046780074DE76 /* String+.swift in Sources */,
				07D5E9AF236EE6A800A27B28 /* TextField+.swift in Sources */,
			);
			runOnlyForDeploymentPostprocessing = 0;
		};
		0733A6C42365D99900E26B38 /* Sources */ = {
			isa = PBXSourcesBuildPhase;
			buildActionMask = 2147483647;
			files = (
				0733A6CD2365D99900E26B38 /* DeepFashionTests.swift in Sources */,
			);
			runOnlyForDeploymentPostprocessing = 0;
		};
		0733A6CF2365D99900E26B38 /* Sources */ = {
			isa = PBXSourcesBuildPhase;
			buildActionMask = 2147483647;
			files = (
				0733A6D82365D99900E26B38 /* DeepFashionUITests.swift in Sources */,
			);
			runOnlyForDeploymentPostprocessing = 0;
		};
/* End PBXSourcesBuildPhase section */

/* Begin PBXTargetDependency section */
		0733A6CA2365D99900E26B38 /* PBXTargetDependency */ = {
			isa = PBXTargetDependency;
			target = 0733A6B12365D99800E26B38 /* DeepFashion */;
			targetProxy = 0733A6C92365D99900E26B38 /* PBXContainerItemProxy */;
		};
		0733A6D52365D99900E26B38 /* PBXTargetDependency */ = {
			isa = PBXTargetDependency;
			target = 0733A6B12365D99800E26B38 /* DeepFashion */;
			targetProxy = 0733A6D42365D99900E26B38 /* PBXContainerItemProxy */;
		};
/* End PBXTargetDependency section */

/* Begin PBXVariantGroup section */
		0733A6BB2365D99800E26B38 /* Main.storyboard */ = {
			isa = PBXVariantGroup;
			children = (
				0733A6BC2365D99800E26B38 /* Base */,
			);
			name = Main.storyboard;
			sourceTree = "<group>";
		};
		0733A6C02365D99900E26B38 /* LaunchScreen.storyboard */ = {
			isa = PBXVariantGroup;
			children = (
				0733A6C12365D99900E26B38 /* Base */,
			);
			name = LaunchScreen.storyboard;
			sourceTree = "<group>";
		};
/* End PBXVariantGroup section */

/* Begin XCBuildConfiguration section */
		0733A6DA2365D99900E26B38 /* Debug */ = {
			isa = XCBuildConfiguration;
			buildSettings = {
				ALWAYS_SEARCH_USER_PATHS = NO;
				CLANG_ANALYZER_NONNULL = YES;
				CLANG_ANALYZER_NUMBER_OBJECT_CONVERSION = YES_AGGRESSIVE;
				CLANG_CXX_LANGUAGE_STANDARD = "gnu++14";
				CLANG_CXX_LIBRARY = "libc++";
				CLANG_ENABLE_MODULES = YES;
				CLANG_ENABLE_OBJC_ARC = YES;
				CLANG_ENABLE_OBJC_WEAK = YES;
				CLANG_WARN_BLOCK_CAPTURE_AUTORELEASING = YES;
				CLANG_WARN_BOOL_CONVERSION = YES;
				CLANG_WARN_COMMA = YES;
				CLANG_WARN_CONSTANT_CONVERSION = YES;
				CLANG_WARN_DEPRECATED_OBJC_IMPLEMENTATIONS = YES;
				CLANG_WARN_DIRECT_OBJC_ISA_USAGE = YES_ERROR;
				CLANG_WARN_DOCUMENTATION_COMMENTS = YES;
				CLANG_WARN_EMPTY_BODY = YES;
				CLANG_WARN_ENUM_CONVERSION = YES;
				CLANG_WARN_INFINITE_RECURSION = YES;
				CLANG_WARN_INT_CONVERSION = YES;
				CLANG_WARN_NON_LITERAL_NULL_CONVERSION = YES;
				CLANG_WARN_OBJC_IMPLICIT_RETAIN_SELF = YES;
				CLANG_WARN_OBJC_LITERAL_CONVERSION = YES;
				CLANG_WARN_OBJC_ROOT_CLASS = YES_ERROR;
				CLANG_WARN_RANGE_LOOP_ANALYSIS = YES;
				CLANG_WARN_STRICT_PROTOTYPES = YES;
				CLANG_WARN_SUSPICIOUS_MOVE = YES;
				CLANG_WARN_UNGUARDED_AVAILABILITY = YES_AGGRESSIVE;
				CLANG_WARN_UNREACHABLE_CODE = YES;
				CLANG_WARN__DUPLICATE_METHOD_MATCH = YES;
				COPY_PHASE_STRIP = NO;
				DEBUG_INFORMATION_FORMAT = dwarf;
				ENABLE_STRICT_OBJC_MSGSEND = YES;
				ENABLE_TESTABILITY = YES;
				GCC_C_LANGUAGE_STANDARD = gnu11;
				GCC_DYNAMIC_NO_PIC = NO;
				GCC_NO_COMMON_BLOCKS = YES;
				GCC_OPTIMIZATION_LEVEL = 0;
				GCC_PREPROCESSOR_DEFINITIONS = (
					"DEBUG=1",
					"$(inherited)",
				);
				GCC_WARN_64_TO_32_BIT_CONVERSION = YES;
				GCC_WARN_ABOUT_RETURN_TYPE = YES_ERROR;
				GCC_WARN_UNDECLARED_SELECTOR = YES;
				GCC_WARN_UNINITIALIZED_AUTOS = YES_AGGRESSIVE;
				GCC_WARN_UNUSED_FUNCTION = YES;
				GCC_WARN_UNUSED_VARIABLE = YES;
				IPHONEOS_DEPLOYMENT_TARGET = 11.0;
				MTL_ENABLE_DEBUG_INFO = INCLUDE_SOURCE;
				MTL_FAST_MATH = YES;
				ONLY_ACTIVE_ARCH = YES;
				SDKROOT = iphoneos;
				SWIFT_ACTIVE_COMPILATION_CONDITIONS = DEBUG;
				SWIFT_OPTIMIZATION_LEVEL = "-Onone";
			};
			name = Debug;
		};
		0733A6DB2365D99900E26B38 /* Release */ = {
			isa = XCBuildConfiguration;
			buildSettings = {
				ALWAYS_SEARCH_USER_PATHS = NO;
				CLANG_ANALYZER_NONNULL = YES;
				CLANG_ANALYZER_NUMBER_OBJECT_CONVERSION = YES_AGGRESSIVE;
				CLANG_CXX_LANGUAGE_STANDARD = "gnu++14";
				CLANG_CXX_LIBRARY = "libc++";
				CLANG_ENABLE_MODULES = YES;
				CLANG_ENABLE_OBJC_ARC = YES;
				CLANG_ENABLE_OBJC_WEAK = YES;
				CLANG_WARN_BLOCK_CAPTURE_AUTORELEASING = YES;
				CLANG_WARN_BOOL_CONVERSION = YES;
				CLANG_WARN_COMMA = YES;
				CLANG_WARN_CONSTANT_CONVERSION = YES;
				CLANG_WARN_DEPRECATED_OBJC_IMPLEMENTATIONS = YES;
				CLANG_WARN_DIRECT_OBJC_ISA_USAGE = YES_ERROR;
				CLANG_WARN_DOCUMENTATION_COMMENTS = YES;
				CLANG_WARN_EMPTY_BODY = YES;
				CLANG_WARN_ENUM_CONVERSION = YES;
				CLANG_WARN_INFINITE_RECURSION = YES;
				CLANG_WARN_INT_CONVERSION = YES;
				CLANG_WARN_NON_LITERAL_NULL_CONVERSION = YES;
				CLANG_WARN_OBJC_IMPLICIT_RETAIN_SELF = YES;
				CLANG_WARN_OBJC_LITERAL_CONVERSION = YES;
				CLANG_WARN_OBJC_ROOT_CLASS = YES_ERROR;
				CLANG_WARN_RANGE_LOOP_ANALYSIS = YES;
				CLANG_WARN_STRICT_PROTOTYPES = YES;
				CLANG_WARN_SUSPICIOUS_MOVE = YES;
				CLANG_WARN_UNGUARDED_AVAILABILITY = YES_AGGRESSIVE;
				CLANG_WARN_UNREACHABLE_CODE = YES;
				CLANG_WARN__DUPLICATE_METHOD_MATCH = YES;
				COPY_PHASE_STRIP = NO;
				DEBUG_INFORMATION_FORMAT = "dwarf-with-dsym";
				ENABLE_NS_ASSERTIONS = NO;
				ENABLE_STRICT_OBJC_MSGSEND = YES;
				GCC_C_LANGUAGE_STANDARD = gnu11;
				GCC_NO_COMMON_BLOCKS = YES;
				GCC_WARN_64_TO_32_BIT_CONVERSION = YES;
				GCC_WARN_ABOUT_RETURN_TYPE = YES_ERROR;
				GCC_WARN_UNDECLARED_SELECTOR = YES;
				GCC_WARN_UNINITIALIZED_AUTOS = YES_AGGRESSIVE;
				GCC_WARN_UNUSED_FUNCTION = YES;
				GCC_WARN_UNUSED_VARIABLE = YES;
				IPHONEOS_DEPLOYMENT_TARGET = 11.0;
				MTL_ENABLE_DEBUG_INFO = NO;
				MTL_FAST_MATH = YES;
				SDKROOT = iphoneos;
				SWIFT_COMPILATION_MODE = wholemodule;
				SWIFT_OPTIMIZATION_LEVEL = "-O";
				VALIDATE_PRODUCT = YES;
			};
			name = Release;
		};
		0733A6DD2365D99900E26B38 /* Debug */ = {
			isa = XCBuildConfiguration;
			baseConfigurationReference = 50B2A7F7849E4B243304EEDE /* Pods-DeepFashion.debug.xcconfig */;
			buildSettings = {
				ASSETCATALOG_COMPILER_APPICON_NAME = AppIcon;
				CODE_SIGN_STYLE = Automatic;
				DEVELOPMENT_TEAM = NF9G85TZ2T;
				INFOPLIST_FILE = DeepFashion/Info.plist;
				LD_RUNPATH_SEARCH_PATHS = (
					"$(inherited)",
					"@executable_path/Frameworks",
				);
				PRODUCT_BUNDLE_IDENTIFIER = OurTrees.DeepFashion;
				PRODUCT_NAME = "$(TARGET_NAME)";
				SWIFT_VERSION = 5.0;
				TARGETED_DEVICE_FAMILY = 1;
			};
			name = Debug;
		};
		0733A6DE2365D99900E26B38 /* Release */ = {
			isa = XCBuildConfiguration;
			baseConfigurationReference = F639E6864ACC87DAD50801DB /* Pods-DeepFashion.release.xcconfig */;
			buildSettings = {
				ASSETCATALOG_COMPILER_APPICON_NAME = AppIcon;
				CODE_SIGN_STYLE = Automatic;
				DEVELOPMENT_TEAM = NF9G85TZ2T;
				INFOPLIST_FILE = DeepFashion/Info.plist;
				LD_RUNPATH_SEARCH_PATHS = (
					"$(inherited)",
					"@executable_path/Frameworks",
				);
				PRODUCT_BUNDLE_IDENTIFIER = OurTrees.DeepFashion;
				PRODUCT_NAME = "$(TARGET_NAME)";
				SWIFT_VERSION = 5.0;
				TARGETED_DEVICE_FAMILY = 1;
			};
			name = Release;
		};
		0733A6E02365D99900E26B38 /* Debug */ = {
			isa = XCBuildConfiguration;
			baseConfigurationReference = 33E8E8838A93ADACE533B286 /* Pods-DeepFashionTests.debug.xcconfig */;
			buildSettings = {
				ALWAYS_EMBED_SWIFT_STANDARD_LIBRARIES = YES;
				BUNDLE_LOADER = "$(TEST_HOST)";
				CODE_SIGN_STYLE = Automatic;
				DEVELOPMENT_TEAM = NF9G85TZ2T;
				INFOPLIST_FILE = DeepFashionTests/Info.plist;
				IPHONEOS_DEPLOYMENT_TARGET = 13.1;
				LD_RUNPATH_SEARCH_PATHS = (
					"$(inherited)",
					"@executable_path/Frameworks",
					"@loader_path/Frameworks",
				);
				PRODUCT_BUNDLE_IDENTIFIER = OurTrees.DeepFashionTests;
				PRODUCT_NAME = "$(TARGET_NAME)";
				SWIFT_VERSION = 5.0;
				TARGETED_DEVICE_FAMILY = "1,2";
				TEST_HOST = "$(BUILT_PRODUCTS_DIR)/DeepFashion.app/DeepFashion";
			};
			name = Debug;
		};
		0733A6E12365D99900E26B38 /* Release */ = {
			isa = XCBuildConfiguration;
			baseConfigurationReference = AF31D609CC7E4000B9CBABF7 /* Pods-DeepFashionTests.release.xcconfig */;
			buildSettings = {
				ALWAYS_EMBED_SWIFT_STANDARD_LIBRARIES = YES;
				BUNDLE_LOADER = "$(TEST_HOST)";
				CODE_SIGN_STYLE = Automatic;
				DEVELOPMENT_TEAM = NF9G85TZ2T;
				INFOPLIST_FILE = DeepFashionTests/Info.plist;
				IPHONEOS_DEPLOYMENT_TARGET = 13.1;
				LD_RUNPATH_SEARCH_PATHS = (
					"$(inherited)",
					"@executable_path/Frameworks",
					"@loader_path/Frameworks",
				);
				PRODUCT_BUNDLE_IDENTIFIER = OurTrees.DeepFashionTests;
				PRODUCT_NAME = "$(TARGET_NAME)";
				SWIFT_VERSION = 5.0;
				TARGETED_DEVICE_FAMILY = "1,2";
				TEST_HOST = "$(BUILT_PRODUCTS_DIR)/DeepFashion.app/DeepFashion";
			};
			name = Release;
		};
		0733A6E32365D99900E26B38 /* Debug */ = {
			isa = XCBuildConfiguration;
			baseConfigurationReference = 71CEF5C5B5D05629A45DAA65 /* Pods-DeepFashionUITests.debug.xcconfig */;
			buildSettings = {
				ALWAYS_EMBED_SWIFT_STANDARD_LIBRARIES = YES;
				CODE_SIGN_STYLE = Automatic;
				DEVELOPMENT_TEAM = NF9G85TZ2T;
				INFOPLIST_FILE = DeepFashionUITests/Info.plist;
				LD_RUNPATH_SEARCH_PATHS = (
					"$(inherited)",
					"@executable_path/Frameworks",
					"@loader_path/Frameworks",
				);
				PRODUCT_BUNDLE_IDENTIFIER = OurTrees.DeepFashionUITests;
				PRODUCT_NAME = "$(TARGET_NAME)";
				SWIFT_VERSION = 5.0;
				TARGETED_DEVICE_FAMILY = "1,2";
				TEST_TARGET_NAME = DeepFashion;
			};
			name = Debug;
		};
		0733A6E42365D99900E26B38 /* Release */ = {
			isa = XCBuildConfiguration;
			baseConfigurationReference = BBD6DCEA3C69B50889958B71 /* Pods-DeepFashionUITests.release.xcconfig */;
			buildSettings = {
				ALWAYS_EMBED_SWIFT_STANDARD_LIBRARIES = YES;
				CODE_SIGN_STYLE = Automatic;
				DEVELOPMENT_TEAM = NF9G85TZ2T;
				INFOPLIST_FILE = DeepFashionUITests/Info.plist;
				LD_RUNPATH_SEARCH_PATHS = (
					"$(inherited)",
					"@executable_path/Frameworks",
					"@loader_path/Frameworks",
				);
				PRODUCT_BUNDLE_IDENTIFIER = OurTrees.DeepFashionUITests;
				PRODUCT_NAME = "$(TARGET_NAME)";
				SWIFT_VERSION = 5.0;
				TARGETED_DEVICE_FAMILY = "1,2";
				TEST_TARGET_NAME = DeepFashion;
			};
			name = Release;
		};
/* End XCBuildConfiguration section */

/* Begin XCConfigurationList section */
		0733A6AD2365D99800E26B38 /* Build configuration list for PBXProject "DeepFashion" */ = {
			isa = XCConfigurationList;
			buildConfigurations = (
				0733A6DA2365D99900E26B38 /* Debug */,
				0733A6DB2365D99900E26B38 /* Release */,
			);
			defaultConfigurationIsVisible = 0;
			defaultConfigurationName = Release;
		};
		0733A6DC2365D99900E26B38 /* Build configuration list for PBXNativeTarget "DeepFashion" */ = {
			isa = XCConfigurationList;
			buildConfigurations = (
				0733A6DD2365D99900E26B38 /* Debug */,
				0733A6DE2365D99900E26B38 /* Release */,
			);
			defaultConfigurationIsVisible = 0;
			defaultConfigurationName = Release;
		};
		0733A6DF2365D99900E26B38 /* Build configuration list for PBXNativeTarget "DeepFashionTests" */ = {
			isa = XCConfigurationList;
			buildConfigurations = (
				0733A6E02365D99900E26B38 /* Debug */,
				0733A6E12365D99900E26B38 /* Release */,
			);
			defaultConfigurationIsVisible = 0;
			defaultConfigurationName = Release;
		};
		0733A6E22365D99900E26B38 /* Build configuration list for PBXNativeTarget "DeepFashionUITests" */ = {
			isa = XCConfigurationList;
			buildConfigurations = (
				0733A6E32365D99900E26B38 /* Debug */,
				0733A6E42365D99900E26B38 /* Release */,
			);
			defaultConfigurationIsVisible = 0;
			defaultConfigurationName = Release;
		};
/* End XCConfigurationList section */
	};
	rootObject = 0733A6AA2365D99800E26B38 /* Project object */;
}
